
Microsoft Visual Studio Solution File, Format Version 12.00
# Visual Studio 15
VisualStudioVersion = 15.0.26403.7
MinimumVisualStudioVersion = 10.0.40219.1
Project("{8BC9CEB8-8B4A-11D0-8D11-00A0C91BC942}") = "Zmey", "Projects\Zmey\Zmey.vcxproj", "{27824334-00A5-493D-94C8-25A013BBF4FB}"
EndProject
Project("{8BC9CEB8-8B4A-11D0-8D11-00A0C91BC942}") = "GiftOfTheSanctum", "Projects\GiftOfTheSanctum\GiftOfTheSanctum.vcxproj", "{803712C8-987A-461A-A8FA-F7D6282AB6D3}"
EndProject
Global
	GlobalSection(SolutionConfigurationPlatforms) = preSolution
		Debug|x64 = Debug|x64
		Release|x64 = Release|x64
	EndGlobalSection
	GlobalSection(ProjectConfigurationPlatforms) = postSolution
		{27824334-00A5-493D-94C8-25A013BBF4FB}.Debug|x64.ActiveCfg = Debug|x64
		{27824334-00A5-493D-94C8-25A013BBF4FB}.Debug|x64.Build.0 = Debug|x64
		{27824334-00A5-493D-94C8-25A013BBF4FB}.Release|x64.ActiveCfg = Release|x64
		{27824334-00A5-493D-94C8-25A013BBF4FB}.Release|x64.Build.0 = Release|x64
		{803712C8-987A-461A-A8FA-F7D6282AB6D3}.Debug|x64.ActiveCfg = Debug|x64
		{803712C8-987A-461A-A8FA-F7D6282AB6D3}.Debug|x64.Build.0 = Debug|x64
		{803712C8-987A-461A-A8FA-F7D6282AB6D3}.Release|x64.ActiveCfg = Release|x64
		{803712C8-987A-461A-A8FA-F7D6282AB6D3}.Release|x64.Build.0 = Release|x64
	EndGlobalSection
	GlobalSection(SolutionProperties) = preSolution
		HideSolutionNode = FALSE
	EndGlobalSection
EndGlobal
