<?xml version="1.0" encoding="utf-8"?>
<Project ToolsVersion="4.0" xmlns="http://schemas.microsoft.com/developer/msbuild/2003">
  <ItemGroup>
    <Filter Include="Source">
      <UniqueIdentifier>{4FC737F1-C7A5-4376-A066-2A32D752A2FF}</UniqueIdentifier>
      <Extensions>cpp;c;cc;cxx;def;odl;idl;hpj;bat;asm;asmx</Extensions>
    </Filter>
    <Filter Include="Source\Memory">
      <UniqueIdentifier>{20aa6eea-4df0-42dd-81a4-5e5319c0071c}</UniqueIdentifier>
    </Filter>
    <Filter Include="Source\Platform">
      <UniqueIdentifier>{c655c366-ccd2-4906-be25-b742c453d087}</UniqueIdentifier>
    </Filter>
    <Filter Include="Source\ResourceLoader">
      <UniqueIdentifier>{7cddd9e1-96c0-4041-ba4d-acc2f7a481d8}</UniqueIdentifier>
    </Filter>
    <Filter Include="Source\Graphics">
      <UniqueIdentifier>{5bec6814-93b9-4420-9d18-494d10907021}</UniqueIdentifier>
    </Filter>
    <Filter Include="Source\Graphics\Features">
      <UniqueIdentifier>{f51dca22-c95a-4c61-8918-2de823829188}</UniqueIdentifier>
    </Filter>
    <Filter Include="Source\Components">
      <UniqueIdentifier>{f2ece02b-9daa-457e-acc3-131512ef5f46}</UniqueIdentifier>
    </Filter>
    <Filter Include="Source\Graphics\Backend">
      <UniqueIdentifier>{4c4ba4f0-76bc-4968-a3ef-a14bc5565267}</UniqueIdentifier>
    </Filter>
    <Filter Include="Source\Graphics\Backend\Vulkan">
      <UniqueIdentifier>{ff9155a6-0de9-44f4-8062-bf750eb84bb4}</UniqueIdentifier>
    </Filter>
    <Filter Include="Source\Graphics\Backend\Dx12">
      <UniqueIdentifier>{58d019d2-840b-42ad-8832-b4fc21a16177}</UniqueIdentifier>
    </Filter>
    <Filter Include="Source\Graphics\Backend\Dx12">
      <UniqueIdentifier>{58d019d2-840b-42ad-8832-b4fc21a16177}</UniqueIdentifier>
    </Filter>
    <Filter Include="Source\Graphics\Managers">
      <UniqueIdentifier>{821632d7-a07c-4ab0-8721-79eb349be595}</UniqueIdentifier>
    </Filter>
    <Filter Include="Source\Physics">
      <UniqueIdentifier>{5b9bc6d9-b009-4d18-8497-d4749c1ba485}</UniqueIdentifier>
    </Filter>
    <Filter Include="Source\Job">
      <UniqueIdentifier>{40208c78-f4d6-4bae-bf9d-421d626fa26e}</UniqueIdentifier>
    </Filter>
    <Filter Include="Source\ThirdParty">
      <UniqueIdentifier>{0e881a45-f0aa-44cf-a8c1-c89830491904}</UniqueIdentifier>
    </Filter>
    <Filter Include="Source\Components\Game">
      <UniqueIdentifier>{12b0803c-4f08-45f9-877e-3c83831e08a3}</UniqueIdentifier>
    </Filter>
    <Filter Include="Source\ThirdParty\imgui">
      <UniqueIdentifier>{4acbc6fc-218f-45a3-b930-1684a09731b1}</UniqueIdentifier>
    </Filter>
    <Filter Include="Source\Math">
      <UniqueIdentifier>{f36966e6-b28b-4055-8400-da9fc9cdc9fa}</UniqueIdentifier>
    </Filter>
  </ItemGroup>
  <ItemGroup>
    <ClInclude Include="..\..\Source\Zmey\Config.h">
      <Filter>Source</Filter>
    </ClInclude>
    <ClInclude Include="..\..\Source\Zmey\EngineLoop.h">
      <Filter>Source</Filter>
    </ClInclude>
    <ClInclude Include="..\..\Source\Zmey\Logging.h">
      <Filter>Source</Filter>
    </ClInclude>
    <ClInclude Include="..\..\Source\Zmey\LogHandler.h">
      <Filter>Source</Filter>
    </ClInclude>
    <ClInclude Include="..\..\Source\Zmey\Modules.h">
      <Filter>Source</Filter>
    </ClInclude>
    <ClInclude Include="..\..\Source\Zmey\Memory\Allocator.h">
      <Filter>Source\Memory</Filter>
    </ClInclude>
    <ClInclude Include="..\..\Source\Zmey\Memory\LinearAllocator.h">
      <Filter>Source\Memory</Filter>
    </ClInclude>
    <ClInclude Include="..\..\Source\Zmey\Memory\MemoryManagement.h">
      <Filter>Source\Memory</Filter>
    </ClInclude>
    <ClInclude Include="..\..\Source\Zmey\Memory\StlAllocator.h">
      <Filter>Source\Memory</Filter>
    </ClInclude>
    <ClInclude Include="..\..\Source\Zmey\Platform\Platform.h">
      <Filter>Source\Platform</Filter>
    </ClInclude>
    <ClInclude Include="..\..\Source\Zmey\Platform\WindowsPlatform.h">
      <Filter>Source\Memory</Filter>
    </ClInclude>
    <ClInclude Include="..\..\Source\Zmey\ResourceLoader\ResourceLoader.h">
      <Filter>Source\ResourceLoader</Filter>
    </ClInclude>
    <ClInclude Include="..\..\Source\Zmey\Memory\PoolAllocator.h">
      <Filter>Source\Memory</Filter>
    </ClInclude>
    <ClInclude Include="..\..\Source\Zmey\Graphics\Renderer.h">
      <Filter>Source\Graphics</Filter>
    </ClInclude>
    <ClInclude Include="..\..\Source\Zmey\Graphics\FrameData.h">
      <Filter>Source\Graphics</Filter>
    </ClInclude>
    <ClInclude Include="..\..\Source\Zmey\Graphics\RenderPasses.h">
      <Filter>Source\Graphics</Filter>
    </ClInclude>
    <ClInclude Include="..\..\Source\Zmey\Graphics\View.h">
      <Filter>Source\Graphics</Filter>
    </ClInclude>
    <ClInclude Include="..\..\Source\Zmey\Graphics\Features.h">
      <Filter>Source\Graphics</Filter>
    </ClInclude>
    <ClInclude Include="..\..\Source\Zmey\Graphics\Features\MeshRenderer.h">
      <Filter>Source\Graphics\Features</Filter>
    </ClInclude>
    <ClInclude Include="..\..\Source\Zmey\EntityManager.h">
      <Filter>Source</Filter>
    </ClInclude>
    <ClInclude Include="..\..\Source\Zmey\World.h">
      <Filter>Source</Filter>
    </ClInclude>
    <ClInclude Include="..\..\Source\Zmey\Components\TransformManager.h">
      <Filter>Source\Components</Filter>
    </ClInclude>
    <ClInclude Include="..\..\Source\Zmey\Hash.h">
      <Filter>Source</Filter>
    </ClInclude>
    <ClInclude Include="..\..\Source\Zmey\Components\ComponentRegistry.h">
      <Filter>Source\Components</Filter>
    </ClInclude>
    <ClInclude Include="..\..\Source\Zmey\Components\ComponentRegistryCommon.h">
      <Filter>Source\Components</Filter>
    </ClInclude>
    <ClInclude Include="..\..\Source\Zmey\Components\ComponentManager.h">
      <Filter>Source\Components</Filter>
    </ClInclude>
    <ClInclude Include="..\..\Source\Zmey\MemoryStream.h">
      <Filter>Source</Filter>
    </ClInclude>
    <ClInclude Include="..\..\Source\Zmey\Graphics\Backend\BackendDeclarations.h">
      <Filter>Source\Graphics\Backend</Filter>
    </ClInclude>
    <ClInclude Include="..\..\Source\Zmey\Graphics\Backend\Vulkan\VulkanCommandList.h">
      <Filter>Source\Graphics\Backend\Vulkan</Filter>
    </ClInclude>
    <ClInclude Include="..\..\Source\Zmey\Graphics\Backend\CommandList.h">
      <Filter>Source\Graphics\Backend</Filter>
    </ClInclude>
    <ClInclude Include="..\..\Source\Zmey\Graphics\Backend\Vulkan\VulkanHelpers.h">
      <Filter>Source\Graphics\Backend\Vulkan</Filter>
    </ClInclude>
    <ClInclude Include="..\..\Source\Zmey\Graphics\Backend\Vulkan\VulkanShaders.h">
      <Filter>Source\Graphics\Backend\Vulkan</Filter>
    </ClInclude>
    <ClInclude Include="..\..\Source\Zmey\Graphics\Backend\Dx12\Dx12CommandList.h">
      <Filter>Source\Graphics\Backend\Dx12</Filter>
    </ClInclude>
    <ClInclude Include="..\..\Source\Zmey\Graphics\Backend\Dx12\Dx12Helpers.h">
      <Filter>Source\Graphics\Backend\Dx12</Filter>
    </ClInclude>
    <ClInclude Include="..\..\Source\Zmey\Graphics\Backend\Dx12\Dx12Shaders.h">
      <Filter>Source\Graphics\Backend\Dx12</Filter>
    </ClInclude>
    <ClInclude Include="..\..\Source\Zmey\Graphics\GraphicsObjects.h">
      <Filter>Source\Graphics</Filter>
    </ClInclude>
    <ClInclude Include="..\..\Source\Zmey\Graphics\Managers\MeshManager.h">
      <Filter>Source\Graphics\Managers</Filter>
    </ClInclude>
    <ClInclude Include="..\..\Source\Zmey\Graphics\Managers\BufferManager.h">
      <Filter>Source\Graphics\Managers</Filter>
    </ClInclude>
    <ClInclude Include="..\..\Source\Zmey\SettingsManager.h">
      <Filter>Source</Filter>
    </ClInclude>
    <ClInclude Include="..\..\Source\Zmey\InputController.h">
      <Filter>Source</Filter>
    </ClInclude>
    <ClInclude Include="..\..\Source\Zmey\Utilities.h">
      <Filter>Source</Filter>
    </ClInclude>
    <ClInclude Include="..\..\Source\Zmey\Game.h">
      <Filter>Source</Filter>
    </ClInclude>
    <ClInclude Include="..\..\Source\Zmey\Components\TagManager.h">
      <Filter>Source\Components</Filter>
    </ClInclude>
    <ClInclude Include="..\..\Source\Zmey\ResourceLoader\DDSLoader.h">
      <Filter>Source\ResourceLoader</Filter>
    </ClInclude>
    <ClInclude Include="..\..\Source\Zmey\Components\MeshComponentManager.h">
      <Filter>Source\Components</Filter>
    </ClInclude>
    <ClInclude Include="..\..\Source\Zmey\Physics\PhysicsActor.h">
      <Filter>Source\Physics</Filter>
    </ClInclude>
    <ClInclude Include="..\..\Source\Zmey\Physics\PhysicsEngine.h">
      <Filter>Source\Physics</Filter>
    </ClInclude>
    <ClInclude Include="..\..\Source\Zmey\Physics\PhysicsComponentManager.h">
      <Filter>Source\Physics</Filter>
    </ClInclude>
    <ClInclude Include="..\..\Source\Zmey\Profile.h">
      <Filter>Source</Filter>
    </ClInclude>
    <ClInclude Include="..\..\Source\Zmey\Job\JobSystem.h">
      <Filter>Source\Job</Filter>
    </ClInclude>
    <ClInclude Include="..\..\Source\Zmey\Job\JobSystemImpl.h">
      <Filter>Source\Job</Filter>
    </ClInclude>
    <ClInclude Include="..\..\Source\Zmey\Job\Queue.h">
      <Filter>Source\Job</Filter>
    </ClInclude>
    <ClInclude Include="..\..\Source\Zmey\Graphics\Managers\TextureManager.h">
      <Filter>Source\Graphics\Managers</Filter>
    </ClInclude>
    <ClInclude Include="..\..\Source\Zmey\Graphics\Backend\Buffer.h">
      <Filter>Source\Graphics\Backend</Filter>
    </ClInclude>
    <ClInclude Include="..\..\Source\Zmey\Graphics\Backend\Dx12\Dx12Device.h">
      <Filter>Source\Graphics\Backend\Dx12</Filter>
    </ClInclude>
    <ClInclude Include="..\..\Source\Zmey\Graphics\Backend\Device.h">
      <Filter>Source\Graphics\Backend</Filter>
    </ClInclude>
    <ClInclude Include="..\..\Source\Zmey\Graphics\Backend\GraphicsPipelineState.h">
      <Filter>Source\Graphics\Backend</Filter>
    </ClInclude>
    <ClInclude Include="..\..\Source\Zmey\Graphics\Backend\Texture.h">
      <Filter>Source\Graphics\Backend</Filter>
    </ClInclude>
    <ClInclude Include="..\..\Source\Zmey\Graphics\Backend\Dx12\Dx12Texture.h">
      <Filter>Source\Graphics\Backend\Dx12</Filter>
    </ClInclude>
    <ClInclude Include="..\..\Source\Zmey\Graphics\Managers\UploadHeap.h">
      <Filter>Source\Graphics\Managers</Filter>
    </ClInclude>
    <ClInclude Include="..\..\Source\Zmey\Graphics\RendererGlobals.h">
      <Filter>Source\Graphics</Filter>
    </ClInclude>
    <ClInclude Include="..\..\Source\Zmey\Graphics\Backend\Vulkan\VulkanBuffer.h">
      <Filter>Source</Filter>
    </ClInclude>
    <ClInclude Include="..\..\Source\Zmey\Graphics\Backend\Vulkan\VulkanDevice.h">
      <Filter>Source\Graphics\Backend\Vulkan</Filter>
    </ClInclude>
    <ClInclude Include="..\..\Source\Zmey\Graphics\Backend\Vulkan\VulkanTexture.h">
      <Filter>Source\Graphics\Backend\Vulkan</Filter>
    </ClInclude>
    <ClInclude Include="..\..\ThirdParty\include\imgui\imconfig.h">
      <Filter>Source\ThirdParty\imgui</Filter>
    </ClInclude>
    <ClInclude Include="..\..\Source\Zmey\Components\SpellComponentManager.h">
      <Filter>Source\Components\Game</Filter>
    </ClInclude>
    <ClInclude Include="..\..\ThirdParty\include\imgui\imgui.h">
      <Filter>Source\ThirdParty\imgui</Filter>
    </ClInclude>
    <ClInclude Include="..\..\ThirdParty\include\imgui\imgui_internal.h">
      <Filter>Source\ThirdParty\imgui</Filter>
    </ClInclude>
    <ClInclude Include="..\..\ThirdParty\include\imgui\stb_rect_pack.h">
      <Filter>Source\ThirdParty\imgui</Filter>
    </ClInclude>
    <ClInclude Include="..\..\ThirdParty\include\imgui\stb_textedit.h">
      <Filter>Source\ThirdParty\imgui</Filter>
    </ClInclude>
    <ClInclude Include="..\..\ThirdParty\include\imgui\stb_truetype.h">
      <Filter>Source\ThirdParty\imgui</Filter>
    </ClInclude>
    <ClInclude Include="..\..\Source\Zmey\Graphics\Features\UIRenderer.h">
      <Filter>Source\Graphics\Features</Filter>
    </ClInclude>
    <ClInclude Include="..\..\Source\Zmey\Graphics\Managers\MaterialManager.h">
      <Filter>Source\Graphics\Managers</Filter>
    </ClInclude>
    <ClInclude Include="..\..\Source\Zmey\Graphics\ResourceSet.h">
      <Filter>Source\Graphics</Filter>
    </ClInclude>
    <ClInclude Include="..\..\Source\Zmey\Graphics\Backend\BackendResourceSet.h">
      <Filter>Source\Graphics\Backend</Filter>
    </ClInclude>
    <ClInclude Include="..\..\Source\Zmey\Math\Math.h">
      <Filter>Source\Math</Filter>
    </ClInclude>
  </ItemGroup>
  <ItemGroup>
    <ClCompile Include="..\..\Source\Zmey\EngineLoop.cpp">
      <Filter>Source</Filter>
    </ClCompile>
    <ClCompile Include="..\..\Source\Zmey\Logging.cpp">
      <Filter>Source</Filter>
    </ClCompile>
    <ClCompile Include="..\..\Source\Zmey\Modules.cpp">
      <Filter>Source</Filter>
    </ClCompile>
    <ClCompile Include="..\..\Source\Zmey\Memory\MemoryManagement.cpp">
      <Filter>Source\Memory</Filter>
    </ClCompile>
    <ClCompile Include="..\..\Source\Zmey\Platform\WindowsPlatform.cpp">
      <Filter>Source\Platform</Filter>
    </ClCompile>
    <ClCompile Include="..\..\Source\Zmey\ResourceLoader\ResourceLoader.cpp">
      <Filter>Source\ResourceLoader</Filter>
    </ClCompile>
    <ClCompile Include="..\..\Source\Zmey\Graphics\Renderer.cpp">
      <Filter>Source\Graphics</Filter>
    </ClCompile>
    <ClCompile Include="..\..\Source\Zmey\Graphics\Features\MeshRenderer.cpp">
      <Filter>Source\Graphics\Features</Filter>
    </ClCompile>
    <ClCompile Include="..\..\Source\Zmey\EntityManager.cpp">
      <Filter>Source</Filter>
    </ClCompile>
    <ClCompile Include="..\..\Source\Zmey\Components\TransformManager.cpp">
      <Filter>Source\Components</Filter>
    </ClCompile>
    <ClCompile Include="..\..\Source\Zmey\Components\ComponentRegistry.cpp">
      <Filter>Source\Components</Filter>
    </ClCompile>
    <ClCompile Include="..\..\Source\Zmey\World.cpp">
      <Filter>Source</Filter>
    </ClCompile>
    <ClCompile Include="..\..\Source\Zmey\Graphics\Backend\Vulkan\VulkanShaders.cpp">
      <Filter>Source\Graphics\Backend\Vulkan</Filter>
    </ClCompile>
    <ClCompile Include="..\..\Source\Zmey\Graphics\Backend\Vulkan\VulkanCommandList.cpp">
      <Filter>Source\Graphics\Backend\Vulkan</Filter>
    </ClCompile>
    <ClCompile Include="..\..\Source\Zmey\Graphics\Backend\Dx12\Dx12CommandList.cpp">
      <Filter>Source\Graphics\Backend\Dx12</Filter>
    </ClCompile>
    <ClCompile Include="..\..\Source\Zmey\Graphics\Managers\MeshManager.cpp">
      <Filter>Source\Graphics\Managers</Filter>
    </ClCompile>
    <ClCompile Include="..\..\Source\Zmey\Graphics\Managers\BufferManager.cpp">
      <Filter>Source\Graphics\Managers</Filter>
    </ClCompile>
    <ClCompile Include="..\..\Source\Zmey\SettingsManager.cpp">
      <Filter>Source</Filter>
    </ClCompile>
    <ClCompile Include="..\..\Source\Zmey\Graphics\View.cpp">
      <Filter>Source\Graphics</Filter>
    </ClCompile>
    <ClCompile Include="..\..\Source\Zmey\InputController.cpp">
      <Filter>Source</Filter>
    </ClCompile>
    <ClCompile Include="..\..\Source\Zmey\Components\TagManager.cpp">
      <Filter>Source\Components</Filter>
    </ClCompile>
    <ClCompile Include="..\..\Source\Zmey\ResourceLoader\DDSLoader.cpp">
      <Filter>Source\ResourceLoader</Filter>
    </ClCompile>
    <ClCompile Include="..\..\Source\Zmey\Components\MeshComponentManager.cpp">
      <Filter>Source\Components</Filter>
    </ClCompile>
    <ClCompile Include="..\..\Source\Zmey\Physics\PhysicsEngine.cpp">
      <Filter>Source\Physics</Filter>
    </ClCompile>
    <ClCompile Include="..\..\Source\Zmey\Physics\PhysicsComponentManager.cpp">
      <Filter>Source\Physics</Filter>
    </ClCompile>
    <ClCompile Include="..\..\Source\Zmey\Physics\PhysicsActor.cpp">
      <Filter>Source\Physics</Filter>
    </ClCompile>
    <ClCompile Include="..\..\Source\Zmey\Job\JobSystemImpl.cpp">
      <Filter>Source\Job</Filter>
    </ClCompile>
    <ClCompile Include="..\..\Source\Zmey\Graphics\Managers\TextureManager.cpp">
      <Filter>Source\Graphics\Managers</Filter>
    </ClCompile>
    <ClCompile Include="..\..\Source\Zmey\Graphics\Backend\Dx12\Dx12Device.cpp">
      <Filter>Source\Graphics\Backend\Dx12</Filter>
    </ClCompile>
    <ClCompile Include="..\..\Source\Zmey\Graphics\Managers\UploadHeap.cpp">
      <Filter>Source\Graphics</Filter>
    </ClCompile>
    <ClCompile Include="..\..\Source\Zmey\Graphics\Backend\Vulkan\VulkanDevice.cpp">
      <Filter>Source\Graphics\Backend\Vulkan</Filter>
    </ClCompile>
    <ClCompile Include="..\..\Source\Zmey\Components\SpellComponentManager.cpp">
      <Filter>Source\Components\Game</Filter>
    </ClCompile>
    <ClCompile Include="..\..\ThirdParty\include\imgui\imgui.cpp">
      <Filter>Source\ThirdParty\imgui</Filter>
    </ClCompile>
    <ClCompile Include="..\..\ThirdParty\include\imgui\imgui_demo.cpp">
      <Filter>Source\ThirdParty\imgui</Filter>
    </ClCompile>
    <ClCompile Include="..\..\ThirdParty\include\imgui\imgui_draw.cpp">
      <Filter>Source\ThirdParty\imgui</Filter>
    </ClCompile>
    <ClCompile Include="..\..\Source\Zmey\Graphics\Features\UIRenderer.cpp">
      <Filter>Source\Graphics\Features</Filter>
    </ClCompile>
    <ClCompile Include="..\..\Source\Zmey\Graphics\Managers\MaterialManager.cpp">
      <Filter>Source\Graphics\Managers</Filter>
    </ClCompile>
    <ClCompile Include="..\..\Source\Zmey\Graphics\Backend\CommandList.cpp">
      <Filter>Source\Graphics\Backend</Filter>
    </ClCompile>
  </ItemGroup>
</Project>