<?xml version="1.0" encoding="utf-8"?>
<Project ToolsVersion="4.0" xmlns="http://schemas.microsoft.com/developer/msbuild/2003">
  <ItemGroup>
    <ClCompile Include="main.cpp" />
    <ClCompile Include="Incinerator.cpp" />
    <ClCompile Include="GLTFLoader.cpp">
      <Filter>Loaders</Filter>
    </ClCompile>
    <ClCompile Include="TextureLoader.cpp">
      <Filter>Loaders</Filter>
    </ClCompile>
  </ItemGroup>
  <ItemGroup>
    <ClInclude Include="Incinerator.h" />
    <ClInclude Include="GLTFLoader.h">
      <Filter>Loaders</Filter>
    </ClInclude>
    <ClInclude Include="TextureLoader.h">
      <Filter>Loaders</Filter>
    </ClInclude>
  </ItemGroup>
  <ItemGroup>
    <Filter Include="Loaders">
      <UniqueIdentifier>{db0879c4-ce93-47ca-aafc-4a081ea5911a}</UniqueIdentifier>
    </Filter>
  </ItemGroup>
</Project>